%{
  "excoveralls": {:hex, :excoveralls, "0.18.0", "b92497e69465dc51bc37a6422226ee690ab437e4c06877e836f1c18daeb35da9", [:mix], [{:castore, "~> 1.0", [hex: :castore, repo: "hexpm", optional: true]}, {:jason, "~> 1.0", [hex: :jason, repo: "hexpm", optional: false]}], "hexpm", "1109bb911f3cb583401760be49c02cbbd16aed66ea9509fc5479335d284da60b"},
  "jason": {:hex, :jason, "1.4.1", "af1504e35f629ddcdd6addb3513c3853991f694921b1b9368b0bd32beb9f1b63", [:mix], [{:decimal, "~> 1.0 or ~> 2.0", [hex: :decimal, repo: "hexpm", optional: true]}], "hexpm", "fbb01ecdfd565b56261302f7e1fcc27c4fb8f32d56eab74db621fc154604a7a1"},
  "patch": {:hex, :patch, "0.13.0", "da48728f9086a835956200a671210fe88f67ff48bb1f92626989886493ac2081", [:mix], [], "hexpm", "d65a840d485dfa05bf6673269b56680e7537a05050684e713de125a351b28112"},
  "websockex": {:hex, :websockex, "0.4.3", "92b7905769c79c6480c02daacaca2ddd49de936d912976a4d3c923723b647bf0", [:mix], [], "hexpm", "95f2e7072b85a3a4cc385602d42115b73ce0b74a9121d0d6dbbf557645ac53e4"},
}
